NeoBundleLock cpp-vim da91e612f0a21166221e2892875503f551beac94
NeoBundleLock jedi-vim a0c3269420d21e48cdad77c832e2da4a290b3cb4
NeoBundleLock neobundle.vim a240bb2f40437ea87254df3c2745523d3f27cfcf
NeoBundleLock neosnippet ce3c3d209c38a6d87bbf1408d293e179f95e7bb8
NeoBundleLock neosnippet-snippets 1956f04a6d430c2673c2be6e57213dabb704e64a
NeoBundleLock nyan-modoki.vim 383c58321508bb486a063a24153da9359281a544
NeoBundleLock syntastic 9847b998fd1fffe30b11075543bd3047ce06d47a
NeoBundleLock vim-python-pep8-indent f4f95ee041370e3e79bb72cb9b360a4ec5707785
NeoBundleLock vim-virtualenv 49a7e89003c4644f1ec83f2ce7e4388b09b0da74
NeoBundleLock vimproc b05d30228ecb97acc2b398cca34b230092722268
NeoBundleLock vimshell bdcd197b701734a743903c7547e9f56842701614
NeoBundleLock vimshell-kawaii.vim 408a25b72d93d33cbed8e1bd520074cbd899e636
