NeoBundleLock badwolf 25b81062e23e2e570d42d9bc510e7d9e48cda213
NeoBundleLock jedi-vim a0c3269420d21e48cdad77c832e2da4a290b3cb4
NeoBundleLock neobundle.vim 6bf4fa1cf3cebfed76f5e300949faef0b78fbfbc
NeoBundleLock neocomplete 81d39635625730ca43f08762e2908b96e7b7f077
NeoBundleLock neosnippet ce3c3d209c38a6d87bbf1408d293e179f95e7bb8
NeoBundleLock neosnippet-snippets 1956f04a6d430c2673c2be6e57213dabb704e64a
NeoBundleLock nyan-modoki.vim 383c58321508bb486a063a24153da9359281a544
NeoBundleLock syntastic 9847b998fd1fffe30b11075543bd3047ce06d47a
NeoBundleLock unite.vim 0a7949317f4b6c231d858c393dc0a765bf473341
NeoBundleLock vesting 81a1692f60e55e1f24793f515a457b9831b71523
NeoBundleLock vim-pathogen 8c91196cfd9c8fe619f35fac6f2ac81be10677f8
NeoBundleLock vim-python-pep8-indent f4f95ee041370e3e79bb72cb9b360a4ec5707785
NeoBundleLock vimproc b05d30228ecb97acc2b398cca34b230092722268
NeoBundleLock vimshell bdcd197b701734a743903c7547e9f56842701614
NeoBundleLock vimshell-kawaii.vim 408a25b72d93d33cbed8e1bd520074cbd899e636
