NeoBundleLock jedi-vim a0c3269420d21e48cdad77c832e2da4a290b3cb4
NeoBundleLock neobundle.vim a240bb2f40437ea87254df3c2745523d3f27cfcf
NeoBundleLock nyan-modoki.vim 383c58321508bb486a063a24153da9359281a544
NeoBundleLock syntastic 9847b998fd1fffe30b11075543bd3047ce06d47a
NeoBundleLock vim-python-pep8-indent f4f95ee041370e3e79bb72cb9b360a4ec5707785
NeoBundleLock vim-virtualenv 49a7e89003c4644f1ec83f2ce7e4388b09b0da74
