NeoBundleLock SingleCompile 4004d12f0cdafbc3299c0991e59cf26b1e6c4630
NeoBundleLock badwolf 25b81062e23e2e570d42d9bc510e7d9e48cda213
NeoBundleLock cpp-vim a848f7599ad4f2e6859c8969154c59e9d1cf6a82
NeoBundleLock jedi-vim a0c3269420d21e48cdad77c832e2da4a290b3cb4
NeoBundleLock neobundle.vim 6bf4fa1cf3cebfed76f5e300949faef0b78fbfbc
NeoBundleLock neocomplcache 778181767467b8f8016828898779a646074d883a
NeoBundleLock neocomplete.vim 738bf323deaa844f9bd45c9a65d99699e73cd772
NeoBundleLock neosnippet ce3c3d209c38a6d87bbf1408d293e179f95e7bb8
NeoBundleLock neosnippet-snippets 1956f04a6d430c2673c2be6e57213dabb704e64a
NeoBundleLock nyan-modoki.vim 383c58321508bb486a063a24153da9359281a544
NeoBundleLock syntastic 9847b998fd1fffe30b11075543bd3047ce06d47a
NeoBundleLock unite.vim 0a7949317f4b6c231d858c393dc0a765bf473341
NeoBundleLock vim-clang 739c9d4103adaaf64be5f27d1cf7c792c3bc9887
NeoBundleLock vim-latex 13e40aecdfc57c9a20484107a1447037800f7c44
NeoBundleLock vim-marching a0052de116afbaae96879c6d22b6bd6aafd31d24
NeoBundleLock vim-python-pep8-indent f4f95ee041370e3e79bb72cb9b360a4ec5707785
NeoBundleLock vim-reunions 42cf8386bc79849737b1b5b1b14b23b77404ec0e
NeoBundleLock vim-virtualenv 49a7e89003c4644f1ec83f2ce7e4388b09b0da74
NeoBundleLock vimproc b05d30228ecb97acc2b398cca34b230092722268
NeoBundleLock vimshell bdcd197b701734a743903c7547e9f56842701614
NeoBundleLock vimshell-kawaii.vim 408a25b72d93d33cbed8e1bd520074cbd899e636
